
Microsoft Visual Studio Solution File, Format Version 12.00
Project("{FAE04EC0-301F-11D3-BF4B-00C04F79EFBC}") = "Auth", "Auth\Auth.csproj", "{A3DBF1BF-F0DD-4361-BDE1-AAE7C42F5060}"
EndProject
Project("{2150E333-8FDC-42A3-9474-1A3956D46DE8}") = "Solution Items", "Solution Items", "{151FA819-6D13-44AD-8FBE-8D1C3536B00F}"
	ProjectSection(SolutionItems) = preProject
		docker-compose.yml = docker-compose.yml
	EndProjectSection
EndProject
Project("{FAE04EC0-301F-11D3-BF4B-00C04F79EFBC}") = "Client", "Client\Client.csproj", "{59D4C70F-7D61-49C8-BB1C-0DD2906DC08C}"
EndProject
Global
	GlobalSection(SolutionConfigurationPlatforms) = preSolution
		Debug|Any CPU = Debug|Any CPU
		Release|Any CPU = Release|Any CPU
	EndGlobalSection
	GlobalSection(ProjectConfigurationPlatforms) = postSolution
		{A3DBF1BF-F0DD-4361-BDE1-AAE7C42F5060}.Debug|Any CPU.ActiveCfg = Debug|Any CPU
		{A3DBF1BF-F0DD-4361-BDE1-AAE7C42F5060}.Debug|Any CPU.Build.0 = Debug|Any CPU
		{A3DBF1BF-F0DD-4361-BDE1-AAE7C42F5060}.Release|Any CPU.ActiveCfg = Release|Any CPU
		{A3DBF1BF-F0DD-4361-BDE1-AAE7C42F5060}.Release|Any CPU.Build.0 = Release|Any CPU
		{59D4C70F-7D61-49C8-BB1C-0DD2906DC08C}.Debug|Any CPU.ActiveCfg = Debug|Any CPU
		{59D4C70F-7D61-49C8-BB1C-0DD2906DC08C}.Debug|Any CPU.Build.0 = Debug|Any CPU
		{59D4C70F-7D61-49C8-BB1C-0DD2906DC08C}.Release|Any CPU.ActiveCfg = Release|Any CPU
		{59D4C70F-7D61-49C8-BB1C-0DD2906DC08C}.Release|Any CPU.Build.0 = Release|Any CPU
	EndGlobalSection
EndGlobal
